
Microsoft Visual Studio Solution File, Format Version 11.00
# Visual C# Express 2010
Project("{FAE04EC0-301F-11D3-BF4B-00C04F79EFBC}") = "TAT.LOADer", "TAT.LOADer\TAT.LOADer.csproj", "{D6AD46A3-1C5B-46F0-BBFF-24829CE4928A}"
EndProject
Global
	GlobalSection(SolutionConfigurationPlatforms) = preSolution
		Debug|x86 = Debug|x86
		Release|x86 = Release|x86
	EndGlobalSection
	GlobalSection(ProjectConfigurationPlatforms) = postSolution
		{D6AD46A3-1C5B-46F0-BBFF-24829CE4928A}.Debug|x86.ActiveCfg = Debug|x86
		{D6AD46A3-1C5B-46F0-BBFF-24829CE4928A}.Debug|x86.Build.0 = Debug|x86
		{D6AD46A3-1C5B-46F0-BBFF-24829CE4928A}.Release|x86.ActiveCfg = Release|x86
		{D6AD46A3-1C5B-46F0-BBFF-24829CE4928A}.Release|x86.Build.0 = Release|x86
	EndGlobalSection
	GlobalSection(SolutionProperties) = preSolution
		HideSolutionNode = FALSE
	EndGlobalSection
EndGlobal
